
Microsoft Visual Studio Solution File, Format Version 12.00
# Visual Studio Version 16
VisualStudioVersion = 16.0.30011.22
MinimumVisualStudioVersion = 10.0.40219.1
Project("{FAE04EC0-301F-11D3-BF4B-00C04F79EFBC}") = "ArabaOtomasyonu", "ArabaOtomasyonu\ArabaOtomasyonu.csproj", "{5E9FF8AA-EE09-4C76-AB17-8894A38327FF}"
EndProject
Global
	GlobalSection(SolutionConfigurationPlatforms) = preSolution
		Debug|Any CPU = Debug|Any CPU
		Release|Any CPU = Release|Any CPU
	EndGlobalSection
	GlobalSection(ProjectConfigurationPlatforms) = postSolution
		{5E9FF8AA-EE09-4C76-AB17-8894A38327FF}.Debug|Any CPU.ActiveCfg = Debug|Any CPU
		{5E9FF8AA-EE09-4C76-AB17-8894A38327FF}.Debug|Any CPU.Build.0 = Debug|Any CPU
		{5E9FF8AA-EE09-4C76-AB17-8894A38327FF}.Release|Any CPU.ActiveCfg = Release|Any CPU
		{5E9FF8AA-EE09-4C76-AB17-8894A38327FF}.Release|Any CPU.Build.0 = Release|Any CPU
	EndGlobalSection
	GlobalSection(SolutionProperties) = preSolution
		HideSolutionNode = FALSE
	EndGlobalSection
	GlobalSection(ExtensibilityGlobals) = postSolution
		SolutionGuid = {9BC2830C-EC91-4534-B3D3-7EFD2A922C92}
	EndGlobalSection
EndGlobal
